
Microsoft Visual Studio Solution File, Format Version 12.00
# Visual Studio Version 17
VisualStudioVersion = 17.5.002.0
MinimumVisualStudioVersion = 10.0.40219.1
Project("{9A19103F-16F7-4668-BE54-9A1E7A4F7556}") = "HelloWorld", "HelloWorld.csproj", "{A9C5096C-350D-492F-91E1-79978D1353F8}"
EndProject
Global
	GlobalSection(SolutionConfigurationPlatforms) = preSolution
		Debug|Any CPU = Debug|Any CPU
		Release|Any CPU = Release|Any CPU
	EndGlobalSection
	GlobalSection(ProjectConfigurationPlatforms) = postSolution
		{A9C5096C-350D-492F-91E1-79978D1353F8}.Debug|Any CPU.ActiveCfg = Debug|Any CPU
		{A9C5096C-350D-492F-91E1-79978D1353F8}.Debug|Any CPU.Build.0 = Debug|Any CPU
		{A9C5096C-350D-492F-91E1-79978D1353F8}.Release|Any CPU.ActiveCfg = Release|Any CPU
		{A9C5096C-350D-492F-91E1-79978D1353F8}.Release|Any CPU.Build.0 = Release|Any CPU
	EndGlobalSection
	GlobalSection(SolutionProperties) = preSolution
		HideSolutionNode = FALSE
	EndGlobalSection
	GlobalSection(ExtensibilityGlobals) = postSolution
		SolutionGuid = {18994058-8006-4185-948B-76B69C6EC9FC}
	EndGlobalSection
EndGlobal
